
Microsoft Visual Studio Solution File, Format Version 12.00
# Visual Studio Version 17
VisualStudioVersion = 17.14.36401.2
MinimumVisualStudioVersion = 10.0.40219.1
Project("{54A90642-561A-4BB1-A94E-469ADEE60C69}") = "bobscornsolution.client", "bobscornsolution.client\bobscornsolution.client.esproj", "{487D0F73-D4D7-816D-5D72-9A9A684C9EA3}"
EndProject
Project("{FAE04EC0-301F-11D3-BF4B-00C04F79EFBC}") = "BobsCornSolution.Server", "BobsCornSolution.Server\BobsCornSolution.Server.csproj", "{94971806-EA69-4102-A345-315CF119BEE9}"
EndProject
Project("{FAE04EC0-301F-11D3-BF4B-00C04F79EFBC}") = "BobCorn.Domain", "BobCorn.Domain\BobCorn.Domain.csproj", "{49C46653-9EE1-F8CE-EE1D-0B4324F24E10}"
EndProject
Project("{FAE04EC0-301F-11D3-BF4B-00C04F79EFBC}") = "BobCorn.Application", "BobCorn.Application\BobCorn.Application.csproj", "{70ECBCD4-23C2-0D28-DB9D-4498E67AD3EB}"
EndProject
Project("{FAE04EC0-301F-11D3-BF4B-00C04F79EFBC}") = "BobCorn.Infrastructure", "BobCorn.Infrastructure\BobCorn.Infrastructure.csproj", "{5684D038-9076-28A0-2B50-8784C5750728}"
EndProject
Project("{FAE04EC0-301F-11D3-BF4B-00C04F79EFBC}") = "BobsCorn.Application.Test", "BobsCorn.Application.Test\BobsCorn.Application.Test.csproj", "{E01DA19D-A504-4173-AEE7-F64840B8C8BB}"
EndProject
Global
	GlobalSection(SolutionConfigurationPlatforms) = preSolution
		Debug|Any CPU = Debug|Any CPU
		Release|Any CPU = Release|Any CPU
	EndGlobalSection
	GlobalSection(ProjectConfigurationPlatforms) = postSolution
		{487D0F73-D4D7-816D-5D72-9A9A684C9EA3}.Debug|Any CPU.ActiveCfg = Debug|Any CPU
		{487D0F73-D4D7-816D-5D72-9A9A684C9EA3}.Debug|Any CPU.Build.0 = Debug|Any CPU
		{487D0F73-D4D7-816D-5D72-9A9A684C9EA3}.Debug|Any CPU.Deploy.0 = Debug|Any CPU
		{487D0F73-D4D7-816D-5D72-9A9A684C9EA3}.Release|Any CPU.ActiveCfg = Release|Any CPU
		{487D0F73-D4D7-816D-5D72-9A9A684C9EA3}.Release|Any CPU.Build.0 = Release|Any CPU
		{487D0F73-D4D7-816D-5D72-9A9A684C9EA3}.Release|Any CPU.Deploy.0 = Release|Any CPU
		{94971806-EA69-4102-A345-315CF119BEE9}.Debug|Any CPU.ActiveCfg = Debug|Any CPU
		{94971806-EA69-4102-A345-315CF119BEE9}.Debug|Any CPU.Build.0 = Debug|Any CPU
		{94971806-EA69-4102-A345-315CF119BEE9}.Release|Any CPU.ActiveCfg = Release|Any CPU
		{94971806-EA69-4102-A345-315CF119BEE9}.Release|Any CPU.Build.0 = Release|Any CPU
		{49C46653-9EE1-F8CE-EE1D-0B4324F24E10}.Debug|Any CPU.ActiveCfg = Debug|Any CPU
		{49C46653-9EE1-F8CE-EE1D-0B4324F24E10}.Debug|Any CPU.Build.0 = Debug|Any CPU
		{49C46653-9EE1-F8CE-EE1D-0B4324F24E10}.Release|Any CPU.ActiveCfg = Release|Any CPU
		{49C46653-9EE1-F8CE-EE1D-0B4324F24E10}.Release|Any CPU.Build.0 = Release|Any CPU
		{70ECBCD4-23C2-0D28-DB9D-4498E67AD3EB}.Debug|Any CPU.ActiveCfg = Debug|Any CPU
		{70ECBCD4-23C2-0D28-DB9D-4498E67AD3EB}.Debug|Any CPU.Build.0 = Debug|Any CPU
		{70ECBCD4-23C2-0D28-DB9D-4498E67AD3EB}.Release|Any CPU.ActiveCfg = Release|Any CPU
		{70ECBCD4-23C2-0D28-DB9D-4498E67AD3EB}.Release|Any CPU.Build.0 = Release|Any CPU
		{5684D038-9076-28A0-2B50-8784C5750728}.Debug|Any CPU.ActiveCfg = Debug|Any CPU
		{5684D038-9076-28A0-2B50-8784C5750728}.Debug|Any CPU.Build.0 = Debug|Any CPU
		{5684D038-9076-28A0-2B50-8784C5750728}.Release|Any CPU.ActiveCfg = Release|Any CPU
		{5684D038-9076-28A0-2B50-8784C5750728}.Release|Any CPU.Build.0 = Release|Any CPU
		{E01DA19D-A504-4173-AEE7-F64840B8C8BB}.Debug|Any CPU.ActiveCfg = Debug|Any CPU
		{E01DA19D-A504-4173-AEE7-F64840B8C8BB}.Debug|Any CPU.Build.0 = Debug|Any CPU
		{E01DA19D-A504-4173-AEE7-F64840B8C8BB}.Release|Any CPU.ActiveCfg = Release|Any CPU
		{E01DA19D-A504-4173-AEE7-F64840B8C8BB}.Release|Any CPU.Build.0 = Release|Any CPU
	EndGlobalSection
	GlobalSection(SolutionProperties) = preSolution
		HideSolutionNode = FALSE
	EndGlobalSection
	GlobalSection(ExtensibilityGlobals) = postSolution
		SolutionGuid = {BC82E9DC-25C9-48B1-AF27-44BA0F0372F1}
	EndGlobalSection
EndGlobal
